
Microsoft Visual Studio Solution File, Format Version 12.00
# Visual Studio Version 17
VisualStudioVersion = 17.11.35327.3
MinimumVisualStudioVersion = 10.0.40219.1
Project("{FAE04EC0-301F-11D3-BF4B-00C04F79EFBC}") = "CrazyMusicians", "CrazyMusicians.csproj", "{5879C7B1-FF1A-4233-A7EE-7E983097AEFA}"
EndProject
Global
	GlobalSection(SolutionConfigurationPlatforms) = preSolution
		Debug|Any CPU = Debug|Any CPU
		Release|Any CPU = Release|Any CPU
	EndGlobalSection
	GlobalSection(ProjectConfigurationPlatforms) = postSolution
		{5879C7B1-FF1A-4233-A7EE-7E983097AEFA}.Debug|Any CPU.ActiveCfg = Debug|Any CPU
		{5879C7B1-FF1A-4233-A7EE-7E983097AEFA}.Debug|Any CPU.Build.0 = Debug|Any CPU
		{5879C7B1-FF1A-4233-A7EE-7E983097AEFA}.Release|Any CPU.ActiveCfg = Release|Any CPU
		{5879C7B1-FF1A-4233-A7EE-7E983097AEFA}.Release|Any CPU.Build.0 = Release|Any CPU
	EndGlobalSection
	GlobalSection(SolutionProperties) = preSolution
		HideSolutionNode = FALSE
	EndGlobalSection
	GlobalSection(ExtensibilityGlobals) = postSolution
		SolutionGuid = {EAD17FB5-5751-4E3F-AB43-ACDB15BF61E8}
	EndGlobalSection
EndGlobal
